
Microsoft Visual Studio Solution File, Format Version 12.00
# Visual Studio Version 16
VisualStudioVersion = 16.0.29409.12
MinimumVisualStudioVersion = 10.0.40219.1
Project("{FAE04EC0-301F-11D3-BF4B-00C04F79EFBC}") = "lec3", "lec3\lec3.csproj", "{EFE1B578-57EB-4368-AF83-5471980B77A5}"
EndProject
Global
	GlobalSection(SolutionConfigurationPlatforms) = preSolution
		Debug|Any CPU = Debug|Any CPU
		Release|Any CPU = Release|Any CPU
	EndGlobalSection
	GlobalSection(ProjectConfigurationPlatforms) = postSolution
		{EFE1B578-57EB-4368-AF83-5471980B77A5}.Debug|Any CPU.ActiveCfg = Debug|Any CPU
		{EFE1B578-57EB-4368-AF83-5471980B77A5}.Debug|Any CPU.Build.0 = Debug|Any CPU
		{EFE1B578-57EB-4368-AF83-5471980B77A5}.Release|Any CPU.ActiveCfg = Release|Any CPU
		{EFE1B578-57EB-4368-AF83-5471980B77A5}.Release|Any CPU.Build.0 = Release|Any CPU
	EndGlobalSection
	GlobalSection(SolutionProperties) = preSolution
		HideSolutionNode = FALSE
	EndGlobalSection
	GlobalSection(ExtensibilityGlobals) = postSolution
		SolutionGuid = {0A09FB07-74DC-4882-9D42-195BBEBFAB71}
	EndGlobalSection
EndGlobal
